
Microsoft Visual Studio Solution File, Format Version 12.00
# Visual Studio Version 17
VisualStudioVersion = 17.0.31903.59
MinimumVisualStudioVersion = 10.0.40219.1
Project("{9A19103F-16F7-4668-BE54-9A1E7A4F7556}") = "Chronicles", "src\Chronicles\Chronicles.csproj", "{92A96794-A983-4C81-8401-52C57F1B642B}"
EndProject
Project("{2150E333-8FDC-42A3-9474-1A3956D46DE8}") = ".config", ".config", "{F0A55419-0A47-4E89-8AE2-3F7C54F68ECF}"
	ProjectSection(SolutionItems) = preProject
		.editorconfig = .editorconfig
		.gitignore = .gitignore
		Directory.Build.props = Directory.Build.props
		Directory.Packages.props = Directory.Packages.props
		global.json = global.json
		nuget.config = nuget.config
	EndProjectSection
EndProject
Project("{9A19103F-16F7-4668-BE54-9A1E7A4F7556}") = "Chronicles.Tests", "test\Chronicles.Tests\Chronicles.Tests.csproj", "{EAA9EBB3-C403-492E-93D2-8504DE835DE4}"
EndProject
Project("{2150E333-8FDC-42A3-9474-1A3956D46DE8}") = ".github", ".github", "{6BAD8AD6-1D47-4173-9E01-A65E02F9D40F}"
EndProject
Project("{2150E333-8FDC-42A3-9474-1A3956D46DE8}") = "workflows", "workflows", "{2791EDD4-A9E2-41F5-80E7-71B2CE858C59}"
	ProjectSection(SolutionItems) = preProject
		.github\workflows\ci.yml = .github\workflows\ci.yml
		.github\workflows\release-preview.yml = .github\workflows\release-preview.yml
		.github\workflows\release.yml = .github\workflows\release.yml
	EndProjectSection
EndProject
Project("{2150E333-8FDC-42A3-9474-1A3956D46DE8}") = "sample", "sample", "{C3BEEC4B-8125-4C4D-B2FF-EA58E1F172A6}"
	ProjectSection(SolutionItems) = preProject
		sample\readme.md = sample\readme.md
	EndProjectSection
EndProject
Project("{FAE04EC0-301F-11D3-BF4B-00C04F79EFBC}") = "Chronicles.AppHost", "sample\Chronicles.AppHost\Chronicles.AppHost.csproj", "{B12579C9-9C1C-4E3E-BCB3-77B82377E854}"
EndProject
Project("{FAE04EC0-301F-11D3-BF4B-00C04F79EFBC}") = "Chronicles.ServiceDefaults", "sample\Chronicles.ServiceDefaults\Chronicles.ServiceDefaults.csproj", "{950EBFF7-AB06-49D2-9D79-6D982281CFF1}"
EndProject
Project("{FAE04EC0-301F-11D3-BF4B-00C04F79EFBC}") = "Chronicles.CourierApi", "sample\Chronicles.CourierApi\Chronicles.CourierApi.csproj", "{5962B79B-0787-4A2F-A60A-7794E5707D36}"
EndProject
Project("{FAE04EC0-301F-11D3-BF4B-00C04F79EFBC}") = "Chronicles.OrderApi", "sample\Chronicles.OrderApi\Chronicles.OrderApi.csproj", "{2CD06301-AAAC-4DC8-87E9-122B4BB74B3E}"
EndProject
Project("{FAE04EC0-301F-11D3-BF4B-00C04F79EFBC}") = "Chronicles.RestaurantApi", "sample\Chronicles.RestaurantApi\Chronicles.RestaurantApi.csproj", "{90E7B44B-336A-4B89-B984-E2427D92DAE2}"
EndProject
Project("{2150E333-8FDC-42A3-9474-1A3956D46DE8}") = "src", "src", "{02EA681E-C7D8-13C7-8484-4AC65E1B71E8}"
	ProjectSection(SolutionItems) = preProject
		src\Directory.Build.props = src\Directory.Build.props
	EndProjectSection
EndProject
Project("{2150E333-8FDC-42A3-9474-1A3956D46DE8}") = "test", "test", "{B0FD6A50-8F13-406B-B70F-D4C89CA367CD}"
	ProjectSection(SolutionItems) = preProject
		test\Directory.Build.props = test\Directory.Build.props
	EndProjectSection
EndProject
Global
	GlobalSection(SolutionConfigurationPlatforms) = preSolution
		Debug|Any CPU = Debug|Any CPU
		Release|Any CPU = Release|Any CPU
	EndGlobalSection
	GlobalSection(ProjectConfigurationPlatforms) = postSolution
		{92A96794-A983-4C81-8401-52C57F1B642B}.Debug|Any CPU.ActiveCfg = Debug|Any CPU
		{92A96794-A983-4C81-8401-52C57F1B642B}.Debug|Any CPU.Build.0 = Debug|Any CPU
		{92A96794-A983-4C81-8401-52C57F1B642B}.Release|Any CPU.ActiveCfg = Release|Any CPU
		{92A96794-A983-4C81-8401-52C57F1B642B}.Release|Any CPU.Build.0 = Release|Any CPU
		{EAA9EBB3-C403-492E-93D2-8504DE835DE4}.Debug|Any CPU.ActiveCfg = Debug|Any CPU
		{EAA9EBB3-C403-492E-93D2-8504DE835DE4}.Debug|Any CPU.Build.0 = Debug|Any CPU
		{EAA9EBB3-C403-492E-93D2-8504DE835DE4}.Release|Any CPU.ActiveCfg = Release|Any CPU
		{EAA9EBB3-C403-492E-93D2-8504DE835DE4}.Release|Any CPU.Build.0 = Release|Any CPU
		{B12579C9-9C1C-4E3E-BCB3-77B82377E854}.Debug|Any CPU.ActiveCfg = Debug|Any CPU
		{B12579C9-9C1C-4E3E-BCB3-77B82377E854}.Debug|Any CPU.Build.0 = Debug|Any CPU
		{B12579C9-9C1C-4E3E-BCB3-77B82377E854}.Release|Any CPU.ActiveCfg = Release|Any CPU
		{B12579C9-9C1C-4E3E-BCB3-77B82377E854}.Release|Any CPU.Build.0 = Release|Any CPU
		{950EBFF7-AB06-49D2-9D79-6D982281CFF1}.Debug|Any CPU.ActiveCfg = Debug|Any CPU
		{950EBFF7-AB06-49D2-9D79-6D982281CFF1}.Debug|Any CPU.Build.0 = Debug|Any CPU
		{950EBFF7-AB06-49D2-9D79-6D982281CFF1}.Release|Any CPU.ActiveCfg = Release|Any CPU
		{950EBFF7-AB06-49D2-9D79-6D982281CFF1}.Release|Any CPU.Build.0 = Release|Any CPU
		{5962B79B-0787-4A2F-A60A-7794E5707D36}.Debug|Any CPU.ActiveCfg = Debug|Any CPU
		{5962B79B-0787-4A2F-A60A-7794E5707D36}.Debug|Any CPU.Build.0 = Debug|Any CPU
		{5962B79B-0787-4A2F-A60A-7794E5707D36}.Release|Any CPU.ActiveCfg = Release|Any CPU
		{5962B79B-0787-4A2F-A60A-7794E5707D36}.Release|Any CPU.Build.0 = Release|Any CPU
		{2CD06301-AAAC-4DC8-87E9-122B4BB74B3E}.Debug|Any CPU.ActiveCfg = Debug|Any CPU
		{2CD06301-AAAC-4DC8-87E9-122B4BB74B3E}.Debug|Any CPU.Build.0 = Debug|Any CPU
		{2CD06301-AAAC-4DC8-87E9-122B4BB74B3E}.Release|Any CPU.ActiveCfg = Release|Any CPU
		{2CD06301-AAAC-4DC8-87E9-122B4BB74B3E}.Release|Any CPU.Build.0 = Release|Any CPU
		{90E7B44B-336A-4B89-B984-E2427D92DAE2}.Debug|Any CPU.ActiveCfg = Debug|Any CPU
		{90E7B44B-336A-4B89-B984-E2427D92DAE2}.Debug|Any CPU.Build.0 = Debug|Any CPU
		{90E7B44B-336A-4B89-B984-E2427D92DAE2}.Release|Any CPU.ActiveCfg = Release|Any CPU
		{90E7B44B-336A-4B89-B984-E2427D92DAE2}.Release|Any CPU.Build.0 = Release|Any CPU
	EndGlobalSection
	GlobalSection(SolutionProperties) = preSolution
		HideSolutionNode = FALSE
	EndGlobalSection
	GlobalSection(NestedProjects) = preSolution
		{92A96794-A983-4C81-8401-52C57F1B642B} = {02EA681E-C7D8-13C7-8484-4AC65E1B71E8}
		{EAA9EBB3-C403-492E-93D2-8504DE835DE4} = {B0FD6A50-8F13-406B-B70F-D4C89CA367CD}
		{2791EDD4-A9E2-41F5-80E7-71B2CE858C59} = {6BAD8AD6-1D47-4173-9E01-A65E02F9D40F}
		{B12579C9-9C1C-4E3E-BCB3-77B82377E854} = {C3BEEC4B-8125-4C4D-B2FF-EA58E1F172A6}
		{950EBFF7-AB06-49D2-9D79-6D982281CFF1} = {C3BEEC4B-8125-4C4D-B2FF-EA58E1F172A6}
		{5962B79B-0787-4A2F-A60A-7794E5707D36} = {C3BEEC4B-8125-4C4D-B2FF-EA58E1F172A6}
		{2CD06301-AAAC-4DC8-87E9-122B4BB74B3E} = {C3BEEC4B-8125-4C4D-B2FF-EA58E1F172A6}
		{90E7B44B-336A-4B89-B984-E2427D92DAE2} = {C3BEEC4B-8125-4C4D-B2FF-EA58E1F172A6}
	EndGlobalSection
	GlobalSection(ExtensibilityGlobals) = postSolution
		SolutionGuid = {2B117BC2-593D-462C-B1B8-B39675C701D1}
	EndGlobalSection
EndGlobal
