
Microsoft Visual Studio Solution File, Format Version 12.00
# Visual Studio Version 17
VisualStudioVersion = 17.0.31903.59
MinimumVisualStudioVersion = 10.0.40219.1
Project("{9A19103F-16F7-4668-BE54-9A1E7A4F7556}") = "Chronicles", "src\Chronicles\Chronicles.csproj", "{92A96794-A983-4C81-8401-52C57F1B642B}"
EndProject
Project("{2150E333-8FDC-42A3-9474-1A3956D46DE8}") = ".config", ".config", "{F0A55419-0A47-4E89-8AE2-3F7C54F68ECF}"
	ProjectSection(SolutionItems) = preProject
		.editorconfig = .editorconfig
		.gitattributes = .gitattributes
		.gitignore = .gitignore
		Directory.Build.props = Directory.Build.props
		Directory.Packages.props = Directory.Packages.props
		global.json = global.json
		nuget.config = nuget.config
		version.json = version.json
	EndProjectSection
EndProject
Project("{9A19103F-16F7-4668-BE54-9A1E7A4F7556}") = "Chronicles.Tests", "test\Chronicles.Tests\Chronicles.Tests.csproj", "{EAA9EBB3-C403-492E-93D2-8504DE835DE4}"
EndProject
Project("{2150E333-8FDC-42A3-9474-1A3956D46DE8}") = "samples", "samples", "{53273D83-4F36-489C-943E-C6167A903E67}"
EndProject
Project("{9A19103F-16F7-4668-BE54-9A1E7A4F7556}") = "GettingStarted", "docs\samples\GettingStarted\GettingStarted.csproj", "{9F12BCF0-DC3B-4711-B1CF-286D9CADC6F5}"
EndProject
Project("{9A19103F-16F7-4668-BE54-9A1E7A4F7556}") = "WeatherForecasts", "docs\samples\WeatherForecasts\WeatherForecasts.csproj", "{19ACE5F1-66AB-43FD-BBED-9FB269D758E9}"
EndProject
Project("{2150E333-8FDC-42A3-9474-1A3956D46DE8}") = "Solution Items", "Solution Items", "{594A2902-2662-4168-B24C-3854A6ED2734}"
	ProjectSection(SolutionItems) = preProject
		src\Directory.Build.props = src\Directory.Build.props
	EndProjectSection
EndProject
Global
	GlobalSection(SolutionConfigurationPlatforms) = preSolution
		Debug|Any CPU = Debug|Any CPU
		Release|Any CPU = Release|Any CPU
	EndGlobalSection
	GlobalSection(ProjectConfigurationPlatforms) = postSolution
		{92A96794-A983-4C81-8401-52C57F1B642B}.Debug|Any CPU.ActiveCfg = Debug|Any CPU
		{92A96794-A983-4C81-8401-52C57F1B642B}.Debug|Any CPU.Build.0 = Debug|Any CPU
		{92A96794-A983-4C81-8401-52C57F1B642B}.Release|Any CPU.ActiveCfg = Release|Any CPU
		{92A96794-A983-4C81-8401-52C57F1B642B}.Release|Any CPU.Build.0 = Release|Any CPU
		{EAA9EBB3-C403-492E-93D2-8504DE835DE4}.Debug|Any CPU.ActiveCfg = Debug|Any CPU
		{EAA9EBB3-C403-492E-93D2-8504DE835DE4}.Debug|Any CPU.Build.0 = Debug|Any CPU
		{EAA9EBB3-C403-492E-93D2-8504DE835DE4}.Release|Any CPU.ActiveCfg = Release|Any CPU
		{EAA9EBB3-C403-492E-93D2-8504DE835DE4}.Release|Any CPU.Build.0 = Release|Any CPU
		{9F12BCF0-DC3B-4711-B1CF-286D9CADC6F5}.Debug|Any CPU.ActiveCfg = Debug|Any CPU
		{9F12BCF0-DC3B-4711-B1CF-286D9CADC6F5}.Debug|Any CPU.Build.0 = Debug|Any CPU
		{9F12BCF0-DC3B-4711-B1CF-286D9CADC6F5}.Release|Any CPU.ActiveCfg = Release|Any CPU
		{9F12BCF0-DC3B-4711-B1CF-286D9CADC6F5}.Release|Any CPU.Build.0 = Release|Any CPU
		{19ACE5F1-66AB-43FD-BBED-9FB269D758E9}.Debug|Any CPU.ActiveCfg = Debug|Any CPU
		{19ACE5F1-66AB-43FD-BBED-9FB269D758E9}.Debug|Any CPU.Build.0 = Debug|Any CPU
		{19ACE5F1-66AB-43FD-BBED-9FB269D758E9}.Release|Any CPU.ActiveCfg = Release|Any CPU
		{19ACE5F1-66AB-43FD-BBED-9FB269D758E9}.Release|Any CPU.Build.0 = Release|Any CPU
	EndGlobalSection
	GlobalSection(SolutionProperties) = preSolution
		HideSolutionNode = FALSE
	EndGlobalSection
	GlobalSection(NestedProjects) = preSolution
		{9F12BCF0-DC3B-4711-B1CF-286D9CADC6F5} = {53273D83-4F36-489C-943E-C6167A903E67}
		{19ACE5F1-66AB-43FD-BBED-9FB269D758E9} = {53273D83-4F36-489C-943E-C6167A903E67}
	EndGlobalSection
	GlobalSection(ExtensibilityGlobals) = postSolution
		SolutionGuid = {2B117BC2-593D-462C-B1B8-B39675C701D1}
	EndGlobalSection
EndGlobal
